{
  "lockfile_version": "1",
  "packages": {
    "github:NixOS/nixpkgs/nixpkgs-unstable": {
      "last_modified": "2025-05-03T19:26:05Z",
      "resolved": "github:NixOS/nixpkgs/f21e4546e3ede7ae34d12a84602a22246b31f7e0?lastModified=1746300365&narHash=sha256-thYTdWqCRipwPRxWiTiH1vusLuAy0okjOyzRx4hLWh4%3D"
    }
  }
}
